// !$*UTF8*$!
{
	archiveVersion = 1;
	classes = {
	};
	objectVersion = 56;
	objects = {

/* Begin PBXBuildFile section */
		058744EF29CE2CB9003DDB52 /* motivators.txt in Resources */ = {isa = PBXBuildFile; fileRef = 058744EE29CE2CB9003DDB52 /* motivators.txt */; };
		058744F129CE2D38003DDB52 /* QuotesView.swift in Sources */ = {isa = PBXBuildFile; fileRef = 058744F029CE2D38003DDB52 /* QuotesView.swift */; };
		058744F329CF9008003DDB52 /* QuotesManager.swift in Sources */ = {isa = PBXBuildFile; fileRef = 058744F229CF9008003DDB52 /* QuotesManager.swift */; };
		5437606329943C5B006D3E90 /* PracticeApp.swift in Sources */ = {isa = PBXBuildFile; fileRef = 5437606229943C5B006D3E90 /* PracticeApp.swift */; };
		5437606529943C5B006D3E90 /* ContentView.swift in Sources */ = {isa = PBXBuildFile; fileRef = 5437606429943C5B006D3E90 /* ContentView.swift */; };
		5437606729943C60006D3E90 /* Assets.xcassets in Resources */ = {isa = PBXBuildFile; fileRef = 5437606629943C60006D3E90 /* Assets.xcassets */; };
		5437606A29943C60006D3E90 /* Preview Assets.xcassets in Resources */ = {isa = PBXBuildFile; fileRef = 5437606929943C60006D3E90 /* Preview Assets.xcassets */; };
		5437607429943C60006D3E90 /* PracticeTests.swift in Sources */ = {isa = PBXBuildFile; fileRef = 5437607329943C60006D3E90 /* PracticeTests.swift */; };
		5437607E29943C60006D3E90 /* PracticeUITests.swift in Sources */ = {isa = PBXBuildFile; fileRef = 5437607D29943C60006D3E90 /* PracticeUITests.swift */; };
		5437608029943C60006D3E90 /* PracticeUITestsLaunchTests.swift in Sources */ = {isa = PBXBuildFile; fileRef = 5437607F29943C60006D3E90 /* PracticeUITestsLaunchTests.swift */; };
		544A9E3329C899E40043CAB2 /* EditView.swift in Sources */ = {isa = PBXBuildFile; fileRef = 544A9E3229C899E40043CAB2 /* EditView.swift */; };
		7516AEA829A41B0600ED7D17 /* ButtonView.swift in Sources */ = {isa = PBXBuildFile; fileRef = 7516AEA729A41B0600ED7D17 /* ButtonView.swift */; };
		7516AEAC29A41FC300ED7D17 /* DetailView.swift in Sources */ = {isa = PBXBuildFile; fileRef = 7516AEAB29A41FC300ED7D17 /* DetailView.swift */; };
		7516AEB129A6B2F600ED7D17 /* Habit.swift in Sources */ = {isa = PBXBuildFile; fileRef = 7516AEB029A6B2F600ED7D17 /* Habit.swift */; };
		7516AEB329AAB2B400ED7D17 /* HabitManager.swift in Sources */ = {isa = PBXBuildFile; fileRef = 7516AEB229AAB2B400ED7D17 /* HabitManager.swift */; };
		7516AEB729AAB9A200ED7D17 /* AddView.swift in Sources */ = {isa = PBXBuildFile; fileRef = 7516AEB629AAB9A200ED7D17 /* AddView.swift */; };
		756E1EBA29D9F2E40069971E /* HabitStore.swift in Sources */ = {isa = PBXBuildFile; fileRef = 756E1EB929D9F2E40069971E /* HabitStore.swift */; };
		757758BE29B914F600DD887F /* EmptyView.swift in Sources */ = {isa = PBXBuildFile; fileRef = 757758BD29B914F600DD887F /* EmptyView.swift */; };
/* End PBXBuildFile section */

/* Begin PBXContainerItemProxy section */
		5437607029943C60006D3E90 /* PBXContainerItemProxy */ = {
			isa = PBXContainerItemProxy;
			containerPortal = 5437605729943C5B006D3E90 /* Project object */;
			proxyType = 1;
			remoteGlobalIDString = 5437605E29943C5B006D3E90;
			remoteInfo = Practice;
		};
		5437607A29943C60006D3E90 /* PBXContainerItemProxy */ = {
			isa = PBXContainerItemProxy;
			containerPortal = 5437605729943C5B006D3E90 /* Project object */;
			proxyType = 1;
			remoteGlobalIDString = 5437605E29943C5B006D3E90;
			remoteInfo = Practice;
		};
/* End PBXContainerItemProxy section */

/* Begin PBXFileReference section */
		058744EE29CE2CB9003DDB52 /* motivators.txt */ = {isa = PBXFileReference; lastKnownFileType = text; path = motivators.txt; sourceTree = "<group>"; };
		058744F029CE2D38003DDB52 /* QuotesView.swift */ = {isa = PBXFileReference; lastKnownFileType = sourcecode.swift; path = QuotesView.swift; sourceTree = "<group>"; };
		058744F229CF9008003DDB52 /* QuotesManager.swift */ = {isa = PBXFileReference; lastKnownFileType = sourcecode.swift; path = QuotesManager.swift; sourceTree = "<group>"; };
		5437605F29943C5B006D3E90 /* Practice.app */ = {isa = PBXFileReference; explicitFileType = wrapper.application; includeInIndex = 0; path = Practice.app; sourceTree = BUILT_PRODUCTS_DIR; };
		5437606229943C5B006D3E90 /* PracticeApp.swift */ = {isa = PBXFileReference; lastKnownFileType = sourcecode.swift; path = PracticeApp.swift; sourceTree = "<group>"; };
		5437606429943C5B006D3E90 /* ContentView.swift */ = {isa = PBXFileReference; lastKnownFileType = sourcecode.swift; path = ContentView.swift; sourceTree = "<group>"; };
		5437606629943C60006D3E90 /* Assets.xcassets */ = {isa = PBXFileReference; lastKnownFileType = folder.assetcatalog; path = Assets.xcassets; sourceTree = "<group>"; };
		5437606929943C60006D3E90 /* Preview Assets.xcassets */ = {isa = PBXFileReference; lastKnownFileType = folder.assetcatalog; path = "Preview Assets.xcassets"; sourceTree = "<group>"; };
		5437606F29943C60006D3E90 /* PracticeTests.xctest */ = {isa = PBXFileReference; explicitFileType = wrapper.cfbundle; includeInIndex = 0; path = PracticeTests.xctest; sourceTree = BUILT_PRODUCTS_DIR; };
		5437607329943C60006D3E90 /* PracticeTests.swift */ = {isa = PBXFileReference; lastKnownFileType = sourcecode.swift; path = PracticeTests.swift; sourceTree = "<group>"; };
		5437607929943C60006D3E90 /* PracticeUITests.xctest */ = {isa = PBXFileReference; explicitFileType = wrapper.cfbundle; includeInIndex = 0; path = PracticeUITests.xctest; sourceTree = BUILT_PRODUCTS_DIR; };
		5437607D29943C60006D3E90 /* PracticeUITests.swift */ = {isa = PBXFileReference; lastKnownFileType = sourcecode.swift; path = PracticeUITests.swift; sourceTree = "<group>"; };
		5437607F29943C60006D3E90 /* PracticeUITestsLaunchTests.swift */ = {isa = PBXFileReference; lastKnownFileType = sourcecode.swift; path = PracticeUITestsLaunchTests.swift; sourceTree = "<group>"; };
		544A9E3229C899E40043CAB2 /* EditView.swift */ = {isa = PBXFileReference; lastKnownFileType = sourcecode.swift; path = EditView.swift; sourceTree = "<group>"; };
		7516AEA729A41B0600ED7D17 /* ButtonView.swift */ = {isa = PBXFileReference; lastKnownFileType = sourcecode.swift; path = ButtonView.swift; sourceTree = "<group>"; };
		7516AEAB29A41FC300ED7D17 /* DetailView.swift */ = {isa = PBXFileReference; lastKnownFileType = sourcecode.swift; path = DetailView.swift; sourceTree = "<group>"; };
		7516AEB029A6B2F600ED7D17 /* Habit.swift */ = {isa = PBXFileReference; lastKnownFileType = sourcecode.swift; path = Habit.swift; sourceTree = "<group>"; };
		7516AEB229AAB2B400ED7D17 /* HabitManager.swift */ = {isa = PBXFileReference; lastKnownFileType = sourcecode.swift; path = HabitManager.swift; sourceTree = "<group>"; };
		7516AEB629AAB9A200ED7D17 /* AddView.swift */ = {isa = PBXFileReference; lastKnownFileType = sourcecode.swift; path = AddView.swift; sourceTree = "<group>"; };
		756E1EB929D9F2E40069971E /* HabitStore.swift */ = {isa = PBXFileReference; lastKnownFileType = sourcecode.swift; path = HabitStore.swift; sourceTree = "<group>"; };
		757758BD29B914F600DD887F /* EmptyView.swift */ = {isa = PBXFileReference; lastKnownFileType = sourcecode.swift; path = EmptyView.swift; sourceTree = "<group>"; };
		75EA3C5329EC90FE009973A9 /* Info.plist */ = {isa = PBXFileReference; lastKnownFileType = text.plist; path = Info.plist; sourceTree = "<group>"; };
/* End PBXFileReference section */

/* Begin PBXFrameworksBuildPhase section */
		5437605C29943C5B006D3E90 /* Frameworks */ = {
			isa = PBXFrameworksBuildPhase;
			buildActionMask = 2147483647;
			files = (
			);
			runOnlyForDeploymentPostprocessing = 0;
		};
		5437606C29943C60006D3E90 /* Frameworks */ = {
			isa = PBXFrameworksBuildPhase;
			buildActionMask = 2147483647;
			files = (
			);
			runOnlyForDeploymentPostprocessing = 0;
		};
		5437607629943C60006D3E90 /* Frameworks */ = {
			isa = PBXFrameworksBuildPhase;
			buildActionMask = 2147483647;
			files = (
			);
			runOnlyForDeploymentPostprocessing = 0;
		};
/* End PBXFrameworksBuildPhase section */

/* Begin PBXGroup section */
		5437605629943C5B006D3E90 = {
			isa = PBXGroup;
			children = (
				5437606129943C5B006D3E90 /* Practice */,
				5437607229943C60006D3E90 /* PracticeTests */,
				5437607C29943C60006D3E90 /* PracticeUITests */,
				5437606029943C5B006D3E90 /* Products */,
			);
			sourceTree = "<group>";
		};
		5437606029943C5B006D3E90 /* Products */ = {
			isa = PBXGroup;
			children = (
				5437605F29943C5B006D3E90 /* Practice.app */,
				5437606F29943C60006D3E90 /* PracticeTests.xctest */,
				5437607929943C60006D3E90 /* PracticeUITests.xctest */,
			);
			name = Products;
			sourceTree = "<group>";
		};
		5437606129943C5B006D3E90 /* Practice */ = {
			isa = PBXGroup;
			children = (
				75EA3C5329EC90FE009973A9 /* Info.plist */,
				5437606229943C5B006D3E90 /* PracticeApp.swift */,
				7516AEAF29A6B2E500ED7D17 /* Models */,
				5437606429943C5B006D3E90 /* ContentView.swift */,
				7516AEB629AAB9A200ED7D17 /* AddView.swift */,
				544A9E3229C899E40043CAB2 /* EditView.swift */,
				7516AEA729A41B0600ED7D17 /* ButtonView.swift */,
				757758BD29B914F600DD887F /* EmptyView.swift */,
				7516AEAB29A41FC300ED7D17 /* DetailView.swift */,
				058744F029CE2D38003DDB52 /* QuotesView.swift */,
				5437606629943C60006D3E90 /* Assets.xcassets */,
				5437606829943C60006D3E90 /* Preview Content */,
			);
			path = Practice;
			sourceTree = "<group>";
		};
		5437606829943C60006D3E90 /* Preview Content */ = {
			isa = PBXGroup;
			children = (
				5437606929943C60006D3E90 /* Preview Assets.xcassets */,
			);
			path = "Preview Content";
			sourceTree = "<group>";
		};
		5437607229943C60006D3E90 /* PracticeTests */ = {
			isa = PBXGroup;
			children = (
				5437607329943C60006D3E90 /* PracticeTests.swift */,
			);
			path = PracticeTests;
			sourceTree = "<group>";
		};
		5437607C29943C60006D3E90 /* PracticeUITests */ = {
			isa = PBXGroup;
			children = (
				5437607D29943C60006D3E90 /* PracticeUITests.swift */,
				5437607F29943C60006D3E90 /* PracticeUITestsLaunchTests.swift */,
			);
			path = PracticeUITests;
			sourceTree = "<group>";
		};
		7516AEAF29A6B2E500ED7D17 /* Models */ = {
			isa = PBXGroup;
			children = (
				058744EE29CE2CB9003DDB52 /* motivators.txt */,
				7516AEB029A6B2F600ED7D17 /* Habit.swift */,
				756E1EB929D9F2E40069971E /* HabitStore.swift */,
				7516AEB229AAB2B400ED7D17 /* HabitManager.swift */,
				058744F229CF9008003DDB52 /* QuotesManager.swift */,
			);
			path = Models;
			sourceTree = "<group>";
		};
/* End PBXGroup section */

/* Begin PBXNativeTarget section */
		5437605E29943C5B006D3E90 /* Practice */ = {
			isa = PBXNativeTarget;
			buildConfigurationList = 5437608329943C60006D3E90 /* Build configuration list for PBXNativeTarget "Practice" */;
			buildPhases = (
				5437605B29943C5B006D3E90 /* Sources */,
				5437605C29943C5B006D3E90 /* Frameworks */,
				5437605D29943C5B006D3E90 /* Resources */,
			);
			buildRules = (
			);
			dependencies = (
			);
			name = Practice;
			productName = Practice;
			productReference = 5437605F29943C5B006D3E90 /* Practice.app */;
			productType = "com.apple.product-type.application";
		};
		5437606E29943C60006D3E90 /* PracticeTests */ = {
			isa = PBXNativeTarget;
			buildConfigurationList = 5437608629943C60006D3E90 /* Build configuration list for PBXNativeTarget "PracticeTests" */;
			buildPhases = (
				5437606B29943C60006D3E90 /* Sources */,
				5437606C29943C60006D3E90 /* Frameworks */,
				5437606D29943C60006D3E90 /* Resources */,
			);
			buildRules = (
			);
			dependencies = (
				5437607129943C60006D3E90 /* PBXTargetDependency */,
			);
			name = PracticeTests;
			productName = PracticeTests;
			productReference = 5437606F29943C60006D3E90 /* PracticeTests.xctest */;
			productType = "com.apple.product-type.bundle.unit-test";
		};
		5437607829943C60006D3E90 /* PracticeUITests */ = {
			isa = PBXNativeTarget;
			buildConfigurationList = 5437608929943C60006D3E90 /* Build configuration list for PBXNativeTarget "PracticeUITests" */;
			buildPhases = (
				5437607529943C60006D3E90 /* Sources */,
				5437607629943C60006D3E90 /* Frameworks */,
				5437607729943C60006D3E90 /* Resources */,
			);
			buildRules = (
			);
			dependencies = (
				5437607B29943C60006D3E90 /* PBXTargetDependency */,
			);
			name = PracticeUITests;
			productName = PracticeUITests;
			productReference = 5437607929943C60006D3E90 /* PracticeUITests.xctest */;
			productType = "com.apple.product-type.bundle.ui-testing";
		};
/* End PBXNativeTarget section */

/* Begin PBXProject section */
		5437605729943C5B006D3E90 /* Project object */ = {
			isa = PBXProject;
			attributes = {
				BuildIndependentTargetsInParallel = 1;
				LastSwiftUpdateCheck = 1420;
				LastUpgradeCheck = 1420;
				TargetAttributes = {
					5437605E29943C5B006D3E90 = {
						CreatedOnToolsVersion = 14.2;
					};
					5437606E29943C60006D3E90 = {
						CreatedOnToolsVersion = 14.2;
						TestTargetID = 5437605E29943C5B006D3E90;
					};
					5437607829943C60006D3E90 = {
						CreatedOnToolsVersion = 14.2;
						TestTargetID = 5437605E29943C5B006D3E90;
					};
				};
			};
			buildConfigurationList = 5437605A29943C5B006D3E90 /* Build configuration list for PBXProject "Practice" */;
			compatibilityVersion = "Xcode 14.0";
			developmentRegion = en;
			hasScannedForEncodings = 0;
			knownRegions = (
				en,
				Base,
			);
			mainGroup = 5437605629943C5B006D3E90;
			productRefGroup = 5437606029943C5B006D3E90 /* Products */;
			projectDirPath = "";
			projectRoot = "";
			targets = (
				5437605E29943C5B006D3E90 /* Practice */,
				5437606E29943C60006D3E90 /* PracticeTests */,
				5437607829943C60006D3E90 /* PracticeUITests */,
			);
		};
/* End PBXProject section */

/* Begin PBXResourcesBuildPhase section */
		5437605D29943C5B006D3E90 /* Resources */ = {
			isa = PBXResourcesBuildPhase;
			buildActionMask = 2147483647;
			files = (
				058744EF29CE2CB9003DDB52 /* motivators.txt in Resources */,
				5437606A29943C60006D3E90 /* Preview Assets.xcassets in Resources */,
				5437606729943C60006D3E90 /* Assets.xcassets in Resources */,
			);
			runOnlyForDeploymentPostprocessing = 0;
		};
		5437606D29943C60006D3E90 /* Resources */ = {
			isa = PBXResourcesBuildPhase;
			buildActionMask = 2147483647;
			files = (
			);
			runOnlyForDeploymentPostprocessing = 0;
		};
		5437607729943C60006D3E90 /* Resources */ = {
			isa = PBXResourcesBuildPhase;
			buildActionMask = 2147483647;
			files = (
			);
			runOnlyForDeploymentPostprocessing = 0;
		};
/* End PBXResourcesBuildPhase section */

/* Begin PBXSourcesBuildPhase section */
		5437605B29943C5B006D3E90 /* Sources */ = {
			isa = PBXSourcesBuildPhase;
			buildActionMask = 2147483647;
			files = (
				7516AEB729AAB9A200ED7D17 /* AddView.swift in Sources */,
				7516AEB329AAB2B400ED7D17 /* HabitManager.swift in Sources */,
				058744F329CF9008003DDB52 /* QuotesManager.swift in Sources */,
				5437606529943C5B006D3E90 /* ContentView.swift in Sources */,
				756E1EBA29D9F2E40069971E /* HabitStore.swift in Sources */,
				7516AEB129A6B2F600ED7D17 /* Habit.swift in Sources */,
				757758BE29B914F600DD887F /* EmptyView.swift in Sources */,
				544A9E3329C899E40043CAB2 /* EditView.swift in Sources */,
				7516AEAC29A41FC300ED7D17 /* DetailView.swift in Sources */,
				5437606329943C5B006D3E90 /* PracticeApp.swift in Sources */,
				7516AEA829A41B0600ED7D17 /* ButtonView.swift in Sources */,
				058744F129CE2D38003DDB52 /* QuotesView.swift in Sources */,
			);
			runOnlyForDeploymentPostprocessing = 0;
		};
		5437606B29943C60006D3E90 /* Sources */ = {
			isa = PBXSourcesBuildPhase;
			buildActionMask = 2147483647;
			files = (
				5437607429943C60006D3E90 /* PracticeTests.swift in Sources */,
			);
			runOnlyForDeploymentPostprocessing = 0;
		};
		5437607529943C60006D3E90 /* Sources */ = {
			isa = PBXSourcesBuildPhase;
			buildActionMask = 2147483647;
			files = (
				5437608029943C60006D3E90 /* PracticeUITestsLaunchTests.swift in Sources */,
				5437607E29943C60006D3E90 /* PracticeUITests.swift in Sources */,
			);
			runOnlyForDeploymentPostprocessing = 0;
		};
/* End PBXSourcesBuildPhase section */

/* Begin PBXTargetDependency section */
		5437607129943C60006D3E90 /* PBXTargetDependency */ = {
			isa = PBXTargetDependency;
			target = 5437605E29943C5B006D3E90 /* Practice */;
			targetProxy = 5437607029943C60006D3E90 /* PBXContainerItemProxy */;
		};
		5437607B29943C60006D3E90 /* PBXTargetDependency */ = {
			isa = PBXTargetDependency;
			target = 5437605E29943C5B006D3E90 /* Practice */;
			targetProxy = 5437607A29943C60006D3E90 /* PBXContainerItemProxy */;
		};
/* End PBXTargetDependency section */

/* Begin XCBuildConfiguration section */
		5437608129943C60006D3E90 /* Debug */ = {
			isa = XCBuildConfiguration;
			buildSettings = {
				ALWAYS_SEARCH_USER_PATHS = NO;
				CLANG_ANALYZER_NONNULL = YES;
				CLANG_ANALYZER_NUMBER_OBJECT_CONVERSION = YES_AGGRESSIVE;
				CLANG_CXX_LANGUAGE_STANDARD = "gnu++20";
				CLANG_ENABLE_MODULES = YES;
				CLANG_ENABLE_OBJC_ARC = YES;
				CLANG_ENABLE_OBJC_WEAK = YES;
				CLANG_WARN_BLOCK_CAPTURE_AUTORELEASING = YES;
				CLANG_WARN_BOOL_CONVERSION = YES;
				CLANG_WARN_COMMA = YES;
				CLANG_WARN_CONSTANT_CONVERSION = YES;
				CLANG_WARN_DEPRECATED_OBJC_IMPLEMENTATIONS = YES;
				CLANG_WARN_DIRECT_OBJC_ISA_USAGE = YES_ERROR;
				CLANG_WARN_DOCUMENTATION_COMMENTS = YES;
				CLANG_WARN_EMPTY_BODY = YES;
				CLANG_WARN_ENUM_CONVERSION = YES;
				CLANG_WARN_INFINITE_RECURSION = YES;
				CLANG_WARN_INT_CONVERSION = YES;
				CLANG_WARN_NON_LITERAL_NULL_CONVERSION = YES;
				CLANG_WARN_OBJC_IMPLICIT_RETAIN_SELF = YES;
				CLANG_WARN_OBJC_LITERAL_CONVERSION = YES;
				CLANG_WARN_OBJC_ROOT_CLASS = YES_ERROR;
				CLANG_WARN_QUOTED_INCLUDE_IN_FRAMEWORK_HEADER = YES;
				CLANG_WARN_RANGE_LOOP_ANALYSIS = YES;
				CLANG_WARN_STRICT_PROTOTYPES = YES;
				CLANG_WARN_SUSPICIOUS_MOVE = YES;
				CLANG_WARN_UNGUARDED_AVAILABILITY = YES_AGGRESSIVE;
				CLANG_WARN_UNREACHABLE_CODE = YES;
				CLANG_WARN__DUPLICATE_METHOD_MATCH = YES;
				COPY_PHASE_STRIP = NO;
				DEBUG_INFORMATION_FORMAT = dwarf;
				ENABLE_STRICT_OBJC_MSGSEND = YES;
				ENABLE_TESTABILITY = YES;
				GCC_C_LANGUAGE_STANDARD = gnu11;
				GCC_DYNAMIC_NO_PIC = NO;
				GCC_NO_COMMON_BLOCKS = YES;
				GCC_OPTIMIZATION_LEVEL = 0;
				GCC_PREPROCESSOR_DEFINITIONS = (
					"DEBUG=1",
					"$(inherited)",
				);
				GCC_WARN_64_TO_32_BIT_CONVERSION = YES;
				GCC_WARN_ABOUT_RETURN_TYPE = YES_ERROR;
				GCC_WARN_UNDECLARED_SELECTOR = YES;
				GCC_WARN_UNINITIALIZED_AUTOS = YES_AGGRESSIVE;
				GCC_WARN_UNUSED_FUNCTION = YES;
				GCC_WARN_UNUSED_VARIABLE = YES;
				IPHONEOS_DEPLOYMENT_TARGET = 16.2;
				MTL_ENABLE_DEBUG_INFO = INCLUDE_SOURCE;
				MTL_FAST_MATH = YES;
				ONLY_ACTIVE_ARCH = YES;
				SDKROOT = iphoneos;
				SWIFT_ACTIVE_COMPILATION_CONDITIONS = DEBUG;
				SWIFT_OPTIMIZATION_LEVEL = "-Onone";
			};
			name = Debug;
		};
		5437608229943C60006D3E90 /* Release */ = {
			isa = XCBuildConfiguration;
			buildSettings = {
				ALWAYS_SEARCH_USER_PATHS = NO;
				CLANG_ANALYZER_NONNULL = YES;
				CLANG_ANALYZER_NUMBER_OBJECT_CONVERSION = YES_AGGRESSIVE;
				CLANG_CXX_LANGUAGE_STANDARD = "gnu++20";
				CLANG_ENABLE_MODULES = YES;
				CLANG_ENABLE_OBJC_ARC = YES;
				CLANG_ENABLE_OBJC_WEAK = YES;
				CLANG_WARN_BLOCK_CAPTURE_AUTORELEASING = YES;
				CLANG_WARN_BOOL_CONVERSION = YES;
				CLANG_WARN_COMMA = YES;
				CLANG_WARN_CONSTANT_CONVERSION = YES;
				CLANG_WARN_DEPRECATED_OBJC_IMPLEMENTATIONS = YES;
				CLANG_WARN_DIRECT_OBJC_ISA_USAGE = YES_ERROR;
				CLANG_WARN_DOCUMENTATION_COMMENTS = YES;
				CLANG_WARN_EMPTY_BODY = YES;
				CLANG_WARN_ENUM_CONVERSION = YES;
				CLANG_WARN_INFINITE_RECURSION = YES;
				CLANG_WARN_INT_CONVERSION = YES;
				CLANG_WARN_NON_LITERAL_NULL_CONVERSION = YES;
				CLANG_WARN_OBJC_IMPLICIT_RETAIN_SELF = YES;
				CLANG_WARN_OBJC_LITERAL_CONVERSION = YES;
				CLANG_WARN_OBJC_ROOT_CLASS = YES_ERROR;
				CLANG_WARN_QUOTED_INCLUDE_IN_FRAMEWORK_HEADER = YES;
				CLANG_WARN_RANGE_LOOP_ANALYSIS = YES;
				CLANG_WARN_STRICT_PROTOTYPES = YES;
				CLANG_WARN_SUSPICIOUS_MOVE = YES;
				CLANG_WARN_UNGUARDED_AVAILABILITY = YES_AGGRESSIVE;
				CLANG_WARN_UNREACHABLE_CODE = YES;
				CLANG_WARN__DUPLICATE_METHOD_MATCH = YES;
				COPY_PHASE_STRIP = NO;
				DEBUG_INFORMATION_FORMAT = "dwarf-with-dsym";
				ENABLE_NS_ASSERTIONS = NO;
				ENABLE_STRICT_OBJC_MSGSEND = YES;
				GCC_C_LANGUAGE_STANDARD = gnu11;
				GCC_NO_COMMON_BLOCKS = YES;
				GCC_WARN_64_TO_32_BIT_CONVERSION = YES;
				GCC_WARN_ABOUT_RETURN_TYPE = YES_ERROR;
				GCC_WARN_UNDECLARED_SELECTOR = YES;
				GCC_WARN_UNINITIALIZED_AUTOS = YES_AGGRESSIVE;
				GCC_WARN_UNUSED_FUNCTION = YES;
				GCC_WARN_UNUSED_VARIABLE = YES;
				IPHONEOS_DEPLOYMENT_TARGET = 16.2;
				MTL_ENABLE_DEBUG_INFO = NO;
				MTL_FAST_MATH = YES;
				SDKROOT = iphoneos;
				SWIFT_COMPILATION_MODE = wholemodule;
				SWIFT_OPTIMIZATION_LEVEL = "-O";
				VALIDATE_PRODUCT = YES;
			};
			name = Release;
		};
		5437608429943C60006D3E90 /* Debug */ = {
			isa = XCBuildConfiguration;
			buildSettings = {
				ASSETCATALOG_COMPILER_APPICON_NAME = AppIcon;
				ASSETCATALOG_COMPILER_GLOBAL_ACCENT_COLOR_NAME = AccentColor;
				CODE_SIGN_STYLE = Automatic;
				CURRENT_PROJECT_VERSION = 1;
				DEVELOPMENT_ASSET_PATHS = "\"Practice/Preview Content\"";
				DEVELOPMENT_TEAM = 4H96T5WSH7;
				ENABLE_PREVIEWS = YES;
				GENERATE_INFOPLIST_FILE = YES;
				INFOPLIST_FILE = Practice/Info.plist;
				INFOPLIST_KEY_UIApplicationSceneManifest_Generation = YES;
				INFOPLIST_KEY_UIApplicationSupportsIndirectInputEvents = YES;
				INFOPLIST_KEY_UISupportedInterfaceOrientations_iPad = "UIInterfaceOrientationPortrait UIInterfaceOrientationPortraitUpsideDown UIInterfaceOrientationLandscapeLeft UIInterfaceOrientationLandscapeRight";
				INFOPLIST_KEY_UISupportedInterfaceOrientations_iPhone = "UIInterfaceOrientationPortrait UIInterfaceOrientationLandscapeLeft UIInterfaceOrientationLandscapeRight";
				LD_RUNPATH_SEARCH_PATHS = (
					"$(inherited)",
					"@executable_path/Frameworks",
				);
				MARKETING_VERSION = 1.0;
				PRODUCT_BUNDLE_IDENTIFIER = com.mukai.Practice;
				PRODUCT_NAME = "$(TARGET_NAME)";
				SWIFT_EMIT_LOC_STRINGS = YES;
				SWIFT_VERSION = 5.0;
				TARGETED_DEVICE_FAMILY = "1,2";
			};
			name = Debug;
		};
		5437608529943C60006D3E90 /* Release */ = {
			isa = XCBuildConfiguration;
			buildSettings = {
				ASSETCATALOG_COMPILER_APPICON_NAME = AppIcon;
				ASSETCATALOG_COMPILER_GLOBAL_ACCENT_COLOR_NAME = AccentColor;
				CODE_SIGN_STYLE = Automatic;
				CURRENT_PROJECT_VERSION = 1;
				DEVELOPMENT_ASSET_PATHS = "\"Practice/Preview Content\"";
				DEVELOPMENT_TEAM = 4H96T5WSH7;
				ENABLE_PREVIEWS = YES;
				GENERATE_INFOPLIST_FILE = YES;
				INFOPLIST_FILE = Practice/Info.plist;
				INFOPLIST_KEY_UIApplicationSceneManifest_Generation = YES;
				INFOPLIST_KEY_UIApplicationSupportsIndirectInputEvents = YES;
				INFOPLIST_KEY_UISupportedInterfaceOrientations_iPad = "UIInterfaceOrientationPortrait UIInterfaceOrientationPortraitUpsideDown UIInterfaceOrientationLandscapeLeft UIInterfaceOrientationLandscapeRight";
				INFOPLIST_KEY_UISupportedInterfaceOrientations_iPhone = "UIInterfaceOrientationPortrait UIInterfaceOrientationLandscapeLeft UIInterfaceOrientationLandscapeRight";
				LD_RUNPATH_SEARCH_PATHS = (
					"$(inherited)",
					"@executable_path/Frameworks",
				);
				MARKETING_VERSION = 1.0;
				PRODUCT_BUNDLE_IDENTIFIER = com.mukai.Practice;
				PRODUCT_NAME = "$(TARGET_NAME)";
				SWIFT_EMIT_LOC_STRINGS = YES;
				SWIFT_VERSION = 5.0;
				TARGETED_DEVICE_FAMILY = "1,2";
			};
			name = Release;
		};
		5437608729943C60006D3E90 /* Debug */ = {
			isa = XCBuildConfiguration;
			buildSettings = {
				ALWAYS_EMBED_SWIFT_STANDARD_LIBRARIES = YES;
				BUNDLE_LOADER = "$(TEST_HOST)";
				CODE_SIGN_STYLE = Automatic;
				CURRENT_PROJECT_VERSION = 1;
				GENERATE_INFOPLIST_FILE = YES;
				IPHONEOS_DEPLOYMENT_TARGET = 16.2;
				MARKETING_VERSION = 1.0;
				PRODUCT_BUNDLE_IDENTIFIER = com.mukai.PracticeTests;
				PRODUCT_NAME = "$(TARGET_NAME)";
				SWIFT_EMIT_LOC_STRINGS = NO;
				SWIFT_VERSION = 5.0;
				TARGETED_DEVICE_FAMILY = "1,2";
				TEST_HOST = "$(BUILT_PRODUCTS_DIR)/Practice.app/$(BUNDLE_EXECUTABLE_FOLDER_PATH)/Practice";
			};
			name = Debug;
		};
		5437608829943C60006D3E90 /* Release */ = {
			isa = XCBuildConfiguration;
			buildSettings = {
				ALWAYS_EMBED_SWIFT_STANDARD_LIBRARIES = YES;
				BUNDLE_LOADER = "$(TEST_HOST)";
				CODE_SIGN_STYLE = Automatic;
				CURRENT_PROJECT_VERSION = 1;
				GENERATE_INFOPLIST_FILE = YES;
				IPHONEOS_DEPLOYMENT_TARGET = 16.2;
				MARKETING_VERSION = 1.0;
				PRODUCT_BUNDLE_IDENTIFIER = com.mukai.PracticeTests;
				PRODUCT_NAME = "$(TARGET_NAME)";
				SWIFT_EMIT_LOC_STRINGS = NO;
				SWIFT_VERSION = 5.0;
				TARGETED_DEVICE_FAMILY = "1,2";
				TEST_HOST = "$(BUILT_PRODUCTS_DIR)/Practice.app/$(BUNDLE_EXECUTABLE_FOLDER_PATH)/Practice";
			};
			name = Release;
		};
		5437608A29943C60006D3E90 /* Debug */ = {
			isa = XCBuildConfiguration;
			buildSettings = {
				ALWAYS_EMBED_SWIFT_STANDARD_LIBRARIES = YES;
				CODE_SIGN_STYLE = Automatic;
				CURRENT_PROJECT_VERSION = 1;
				GENERATE_INFOPLIST_FILE = YES;
				MARKETING_VERSION = 1.0;
				PRODUCT_BUNDLE_IDENTIFIER = com.mukai.PracticeUITests;
				PRODUCT_NAME = "$(TARGET_NAME)";
				SWIFT_EMIT_LOC_STRINGS = NO;
				SWIFT_VERSION = 5.0;
				TARGETED_DEVICE_FAMILY = "1,2";
				TEST_TARGET_NAME = Practice;
			};
			name = Debug;
		};
		5437608B29943C60006D3E90 /* Release */ = {
			isa = XCBuildConfiguration;
			buildSettings = {
				ALWAYS_EMBED_SWIFT_STANDARD_LIBRARIES = YES;
				CODE_SIGN_STYLE = Automatic;
				CURRENT_PROJECT_VERSION = 1;
				GENERATE_INFOPLIST_FILE = YES;
				MARKETING_VERSION = 1.0;
				PRODUCT_BUNDLE_IDENTIFIER = com.mukai.PracticeUITests;
				PRODUCT_NAME = "$(TARGET_NAME)";
				SWIFT_EMIT_LOC_STRINGS = NO;
				SWIFT_VERSION = 5.0;
				TARGETED_DEVICE_FAMILY = "1,2";
				TEST_TARGET_NAME = Practice;
			};
			name = Release;
		};
/* End XCBuildConfiguration section */

/* Begin XCConfigurationList section */
		5437605A29943C5B006D3E90 /* Build configuration list for PBXProject "Practice" */ = {
			isa = XCConfigurationList;
			buildConfigurations = (
				5437608129943C60006D3E90 /* Debug */,
				5437608229943C60006D3E90 /* Release */,
			);
			defaultConfigurationIsVisible = 0;
			defaultConfigurationName = Release;
		};
		5437608329943C60006D3E90 /* Build configuration list for PBXNativeTarget "Practice" */ = {
			isa = XCConfigurationList;
			buildConfigurations = (
				5437608429943C60006D3E90 /* Debug */,
				5437608529943C60006D3E90 /* Release */,
			);
			defaultConfigurationIsVisible = 0;
			defaultConfigurationName = Release;
		};
		5437608629943C60006D3E90 /* Build configuration list for PBXNativeTarget "PracticeTests" */ = {
			isa = XCConfigurationList;
			buildConfigurations = (
				5437608729943C60006D3E90 /* Debug */,
				5437608829943C60006D3E90 /* Release */,
			);
			defaultConfigurationIsVisible = 0;
			defaultConfigurationName = Release;
		};
		5437608929943C60006D3E90 /* Build configuration list for PBXNativeTarget "PracticeUITests" */ = {
			isa = XCConfigurationList;
			buildConfigurations = (
				5437608A29943C60006D3E90 /* Debug */,
				5437608B29943C60006D3E90 /* Release */,
			);
			defaultConfigurationIsVisible = 0;
			defaultConfigurationName = Release;
		};
/* End XCConfigurationList section */
	};
	rootObject = 5437605729943C5B006D3E90 /* Project object */;
}
